
Microsoft Visual Studio Solution File, Format Version 12.00
# Visual Studio 15
VisualStudioVersion = 15.0.28307.1340
MinimumVisualStudioVersion = 10.0.40219.1
Project("{8BC9CEB8-8B4A-11D0-8D11-00A0C91BC942}") = "Dithering_Algorithm", "Dithering_Algorithm\Dithering_Algorithm.vcxproj", "{D5062795-4001-4F70-8836-B4D81F85A147}"
EndProject
Global
	GlobalSection(SolutionConfigurationPlatforms) = preSolution
		Debug|x64 = Debug|x64
		Debug|x86 = Debug|x86
		Release|x64 = Release|x64
		Release|x86 = Release|x86
	EndGlobalSection
	GlobalSection(ProjectConfigurationPlatforms) = postSolution
		{D5062795-4001-4F70-8836-B4D81F85A147}.Debug|x64.ActiveCfg = Debug|x64
		{D5062795-4001-4F70-8836-B4D81F85A147}.Debug|x64.Build.0 = Debug|x64
		{D5062795-4001-4F70-8836-B4D81F85A147}.Debug|x86.ActiveCfg = Debug|Win32
		{D5062795-4001-4F70-8836-B4D81F85A147}.Debug|x86.Build.0 = Debug|Win32
		{D5062795-4001-4F70-8836-B4D81F85A147}.Release|x64.ActiveCfg = Release|x64
		{D5062795-4001-4F70-8836-B4D81F85A147}.Release|x64.Build.0 = Release|x64
		{D5062795-4001-4F70-8836-B4D81F85A147}.Release|x86.ActiveCfg = Release|Win32
		{D5062795-4001-4F70-8836-B4D81F85A147}.Release|x86.Build.0 = Release|Win32
	EndGlobalSection
	GlobalSection(SolutionProperties) = preSolution
		HideSolutionNode = FALSE
	EndGlobalSection
	GlobalSection(ExtensibilityGlobals) = postSolution
		SolutionGuid = {4669C75D-256A-4A48-8106-94DA66EEF279}
	EndGlobalSection
EndGlobal
